
Microsoft Visual Studio Solution File, Format Version 12.00
# Visual Studio 14
VisualStudioVersion = 14.0.25123.0
MinimumVisualStudioVersion = 10.0.40219.1
Project("{8BC9CEB8-8B4A-11D0-8D11-00A0C91BC942}") = "hello world", "Hello World\Hello World.vcxproj", "{776D77A0-80DC-45BA-BDBC-B25B84D77BBC}"
EndProject
Project("{8BC9CEB8-8B4A-11D0-8D11-00A0C91BC942}") = "Funct_parameters", "Funct_parameters\Funct_parameters.vcxproj", "{6ADAE36E-554F-4D29-914F-320155667798}"
EndProject
Project("{8BC9CEB8-8B4A-11D0-8D11-00A0C91BC942}") = "multiple_files", "multiple_files\multiple_files.vcxproj", "{E2AC4FAC-6B45-4C90-B63C-FD91041B78AA}"
EndProject
Project("{8BC9CEB8-8B4A-11D0-8D11-00A0C91BC942}") = "headerGuards", "headerGuards\headerGuards.vcxproj", "{9C3AE8EB-3887-4744-9AB1-C5D288171103}"
EndProject
Project("{8BC9CEB8-8B4A-11D0-8D11-00A0C91BC942}") = "Calculator", "Calculator\Calculator.vcxproj", "{448495CA-62FA-493B-BFF7-FA4D754451AE}"
EndProject
Project("{8BC9CEB8-8B4A-11D0-8D11-00A0C91BC942}") = "Quiz1", "Quiz1\Quiz1.vcxproj", "{EC06535F-0F74-4086-96B9-4C4CDADC5171}"
EndProject
Project("{8BC9CEB8-8B4A-11D0-8D11-00A0C91BC942}") = "data_type_size", "data_type_size\data_type_size.vcxproj", "{D971E127-2CB8-40F0-808A-4E0FEFC06674}"
EndProject
Project("{8BC9CEB8-8B4A-11D0-8D11-00A0C91BC942}") = "Check_for_prime", "Convert_to_scientific_notation\Convert_to_scientific_notation.vcxproj", "{E3909B07-0132-4EAB-B8B9-033F570F8843}"
EndProject
Project("{8BC9CEB8-8B4A-11D0-8D11-00A0C91BC942}") = "Q210 Calculator", "Q210 Calculator\Q210 Calculator.vcxproj", "{1DA8FBF6-766D-436E-993F-B2DA8557FBF2}"
EndProject
Project("{8BC9CEB8-8B4A-11D0-8D11-00A0C91BC942}") = "Gravity_acceleration", "Gravity_acceleration\Gravity_acceleration.vcxproj", "{61658F30-38AA-428D-9B1C-26671F5FBCD4}"
EndProject
Project("{8BC9CEB8-8B4A-11D0-8D11-00A0C91BC942}") = "Check_for_even_number", "Check_for_even_number\Check_for_even_number.vcxproj", "{8CF1F5C1-4D51-4894-AF01-31C797223270}"
EndProject
Project("{8BC9CEB8-8B4A-11D0-8D11-00A0C91BC942}") = "Usefull_functions", "Usefull_functions\Usefull_functions.vcxproj", "{81A449BC-6C17-4116-BA07-A9C917126CD1}"
EndProject
Project("{8BC9CEB8-8B4A-11D0-8D11-00A0C91BC942}") = "PrintDecimalAsBitpattern", "PrintDecimalAsBitpattern\PrintDecimalAsBitpattern.vcxproj", "{AF57761C-CF80-4B03-9ABB-5B585FCEDA36}"
EndProject
Project("{8BC9CEB8-8B4A-11D0-8D11-00A0C91BC942}") = "strings", "strings\strings.vcxproj", "{1A5DD2F9-B166-45DB-B8A3-6676649256F7}"
EndProject
Project("{8BC9CEB8-8B4A-11D0-8D11-00A0C91BC942}") = "years_per_letter", "years_per_letter\years_per_letter.vcxproj", "{25A9DBDA-5922-4B2B-A888-3930433725DD}"
EndProject
Project("{8BC9CEB8-8B4A-11D0-8D11-00A0C91BC942}") = "Quiz_4_5_enums", "Quiz_4_5\Quiz_4_5.vcxproj", "{6E660270-448B-443C-85D2-4867A882A7A5}"
EndProject
Project("{8BC9CEB8-8B4A-11D0-8D11-00A0C91BC942}") = "Quiz_4_6_typedefs", "Quiz_4_6\Quiz_4_6.vcxproj", "{76523E48-3383-4494-9637-D07175BCF98D}"
EndProject
Project("{8BC9CEB8-8B4A-11D0-8D11-00A0C91BC942}") = "Quiz_4_7_1_structs", "Quiz_4_7_1\Quiz_4_7_1.vcxproj", "{6B1637FD-4ED6-41F6-96CD-67EBA02AD11D}"
EndProject
Project("{8BC9CEB8-8B4A-11D0-8D11-00A0C91BC942}") = "Quiz_4_x", "Quiz_4_x\Quiz_4_x.vcxproj", "{811414D1-59B1-4CBA-903A-5AF7CA3239AD}"
EndProject
Project("{8BC9CEB8-8B4A-11D0-8D11-00A0C91BC942}") = "Quiz_5_3_case", "Quiz_5_3_case\Quiz_5_3_case.vcxproj", "{869A34EF-5EDC-4496-855C-46B973603131}"
EndProject
Project("{8BC9CEB8-8B4A-11D0-8D11-00A0C91BC942}") = "Quiz_5_5_2_loops", "Quiz_5_5_1_loops\Quiz_5_5_1_loops.vcxproj", "{3F5C6DB0-A7A6-4DD4-AE4D-C87C80D3866D}"
EndProject
Project("{8BC9CEB8-8B4A-11D0-8D11-00A0C91BC942}") = "Quiz_5_5_3_nested_loops", "Quiz_5_5_3_nested_loops\Quiz_5_5_3_nested_loops.vcxproj", "{DF843F42-A4EF-4B1B-9EA4-C7607D37739B}"
EndProject
Project("{8BC9CEB8-8B4A-11D0-8D11-00A0C91BC942}") = "Quiz_5_7_for_loops", "Quiz_5_7_for_loops\Quiz_5_7_for_loops.vcxproj", "{D7C6E2B0-C6EB-4322-AD51-91838BD0A12A}"
EndProject
Project("{8BC9CEB8-8B4A-11D0-8D11-00A0C91BC942}") = "TestProject", "TestProject\TestProject.vcxproj", "{48F0163A-4D22-469C-BBC2-134C82BB2041}"
EndProject
Project("{8BC9CEB8-8B4A-11D0-8D11-00A0C91BC942}") = "Hi-Lo", "hi-lo\hi-lo.vcxproj", "{B2F40AC1-D1A3-4076-8FF1-1AAA6B54E900}"
EndProject
Project("{8BC9CEB8-8B4A-11D0-8D11-00A0C91BC942}") = "Quiz_6_2_1_Arrays", "Quiz_6_2_1_Arrays\Quiz_6_2_1_Arrays.vcxproj", "{A00C4466-A095-4AE1-9CD5-64803AF69509}"
EndProject
Project("{8BC9CEB8-8B4A-11D0-8D11-00A0C91BC942}") = "Quiz_6_3_Arrays", "Quiz_6_3_Arrays\Quiz_6_3_Arrays.vcxproj", "{1C967FBF-56E0-4B66-884F-A750E8653B8E}"
EndProject
Project("{8BC9CEB8-8B4A-11D0-8D11-00A0C91BC942}") = "Quiz_6_4_Array-Sorting", "Quiz_6_4_Array-Sorting\Quiz_6_4_Array-Sorting.vcxproj", "{AF5AC529-C655-4941-BDE5-8C5E23325823}"
EndProject
Project("{8BC9CEB8-8B4A-11D0-8D11-00A0C91BC942}") = "Quiz_6_4_3_Bubble_Sort", "Quiz_6_4_3_Bubble_Sort\Quiz_6_4_3_Bubble_Sort.vcxproj", "{3BD4A195-DD6F-4F5B-A10A-9F9472ACD205}"
EndProject
Project("{8BC9CEB8-8B4A-11D0-8D11-00A0C91BC942}") = "Quiz_6_9_a_Dynamic_Arrays", "Quiz_6_9_a_Dynamic_Arrays\Quiz_6_9_a_Dynamic_Arrays.vcxproj", "{1743DFE0-5AB6-471A-BD86-21564783AB8A}"
EndProject
Project("{8BC9CEB8-8B4A-11D0-8D11-00A0C91BC942}") = "Quiz_6_12a_For_each_loops", "Quiz_6_12a_For_each_loops\Quiz_6_12a_For_each_loops.vcxproj", "{C036B85F-690F-4B4B-914B-70E1BB765979}"
EndProject
Project("{8BC9CEB8-8B4A-11D0-8D11-00A0C91BC942}") = "Quiz 6-X-1 torches potions arrows", "Quiz 6-X-1 torches potions arrows\Quiz 6-X-1 torches potions arrows.vcxproj", "{01A882E1-997D-4ABC-8F93-352F80CB2F6D}"
EndProject
Project("{8BC9CEB8-8B4A-11D0-8D11-00A0C91BC942}") = "Quiz 6-x-2 Sort student grades", "Quiz 6-x-2 Sort student grades\Quiz 6-x-2 Sort student grades.vcxproj", "{E47A073A-DA18-4949-ADF1-53340277FD3C}"
EndProject
Project("{8BC9CEB8-8B4A-11D0-8D11-00A0C91BC942}") = "Quiz 6-X-3 Swap values", "Quiz 6-X-3 Swap values\Quiz 6-X-3 Swap values.vcxproj", "{B2192E17-5778-4185-8DA2-FE8AEE2E02BE}"
EndProject
Project("{8BC9CEB8-8B4A-11D0-8D11-00A0C91BC942}") = "Quiz 6-x-4 c style string", "Quiz 6-x-4 c style string\Quiz 6-x-4 c style string.vcxproj", "{89D2748F-DC72-4942-AD91-6D1BD48F9A0E}"
EndProject
Project("{8BC9CEB8-8B4A-11D0-8D11-00A0C91BC942}") = "Quiz 6-x-6 Card Game (Code Review)", "Quiz 6-x-6 Card Game\Quiz 6-x-6 Card Game.vcxproj", "{7B858C35-AE7F-40F3-9AF6-4740F2D7E143}"
EndProject
Project("{8BC9CEB8-8B4A-11D0-8D11-00A0C91BC942}") = "Quiz 7-4-A return by value reference address", "Quiz 7-4-A return by value reference address\Quiz 7-4-A return by value reference address.vcxproj", "{E03C0E88-CD6B-4C15-AB0E-5BB127DDC8B9}"
EndProject
Project("{8BC9CEB8-8B4A-11D0-8D11-00A0C91BC942}") = "Quiz 7-11 Recursion", "Quiz 7-11 Recursion\Quiz 7-11 Recursion.vcxproj", "{7A5C3986-D0D9-401B-A165-D8D821D2C493}"
EndProject
Project("{8BC9CEB8-8B4A-11D0-8D11-00A0C91BC942}") = "Quiz 7-X Comprehensive Quiz", "Quiz 7-X Comprehensive Quiz\Quiz 7-X Comprehensive Quiz.vcxproj", "{F93BC08F-04FB-42F9-BB17-D9B98254AB03}"
EndProject
Project("{8BC9CEB8-8B4A-11D0-8D11-00A0C91BC942}") = "Quiz 8-3-3 Stack Class", "Quiz 8-3-3 Stack Class\Quiz 8-3-3 Stack Class.vcxproj", "{3B3FEE6A-35AC-47DF-A3CB-E4FE68E68D19}"
EndProject
Project("{8BC9CEB8-8B4A-11D0-8D11-00A0C91BC942}") = "Quiz 8-5", "Quiz 8-5\Quiz 8-5.vcxproj", "{F37315B2-9173-4E53-A1E4-3FA3E5C96FD3}"
EndProject
Project("{8BC9CEB8-8B4A-11D0-8D11-00A0C91BC942}") = "8-5-a Member initialisation", "8-5-a Member initialisation\8-5-a Member initialisation.vcxproj", "{7449295E-F7A8-494F-927A-B60B56A87450}"
EndProject
Project("{8BC9CEB8-8B4A-11D0-8D11-00A0C91BC942}") = "Quiz 8-5-b Non Static member initialization", "Quiz 8-5-b Non Static member initialization\Quiz 8-5-b Non Static member initialization.vcxproj", "{D20CEF88-C0EF-4B2A-8EB6-956ED417118E}"
EndProject
Project("{8BC9CEB8-8B4A-11D0-8D11-00A0C91BC942}") = "Quiz 8-13 Friend Keyword", "Quiz 8-13 Friend Keyword\Quiz 8-13 Friend Keyword.vcxproj", "{5F0F5F8A-37A6-4E09-A6ED-D056810C58C6}"
EndProject
Project("{8BC9CEB8-8B4A-11D0-8D11-00A0C91BC942}") = "Quiz 8-X OOP", "Quiz 8-X OOP\Quiz 8-X OOP.vcxproj", "{A71AB5A3-A7F3-4C2B-80F7-EBC09C77963D}"
EndProject
Project("{8BC9CEB8-8B4A-11D0-8D11-00A0C91BC942}") = "Quiz 8-x-3 RMG", "Quiz 8-x-3 RMG\Quiz 8-x-3 RMG.vcxproj", "{7C517EBC-5440-4234-A078-27C21E0B78C7}"
EndProject
Project("{8BC9CEB8-8B4A-11D0-8D11-00A0C91BC942}") = "Quiz 8-x-4 Card Game oop", "Quiz 8-x-4 Card Game oop\Quiz 8-x-4 Card Game oop.vcxproj", "{D951FC68-C2F3-4C2B-88B3-FFFA95EE8783}"
EndProject
Project("{8BC9CEB8-8B4A-11D0-8D11-00A0C91BC942}") = "XML Training w FSY", "XML Training w FSY\XML Training w FSY.vcxproj", "{C364E419-4764-4917-B31F-AF9E97AFB092}"
EndProject
Project("{8BC9CEB8-8B4A-11D0-8D11-00A0C91BC942}") = "Parsing XML with boost", "Parsing XML with boost\Parsing XML with boost.vcxproj", "{F74D95D8-E22F-48A9-BDC2-C58EA7546126}"
EndProject
Project("{8BC9CEB8-8B4A-11D0-8D11-00A0C91BC942}") = "Quiz 9-2 Operator overloading", "Quiz 9-2 Operator overloading\Quiz 9-2 Operator overloading.vcxproj", "{67C9C1B7-A41D-4AEF-98FE-93BE787E7DD7}"
EndProject
Project("{8BC9CEB8-8B4A-11D0-8D11-00A0C91BC942}") = "Quiz 9-5 Unary operator overloading", "Quiz 9-5 Unary operator overloading\Quiz 9-5 Unary operator overloading.vcxproj", "{C3C71F49-A278-40D4-A620-D684318A354F}"
EndProject
Project("{8BC9CEB8-8B4A-11D0-8D11-00A0C91BC942}") = "Quiz 9-8 Overloading the subscript operator", "Quiz 9-8 Overloading the subscript operator\Quiz 9-8 Overloading the subscript operator.vcxproj", "{B3ADACCD-8FF0-4381-83ED-7679AF97F23F}"
EndProject
Global
	GlobalSection(SolutionConfigurationPlatforms) = preSolution
		Debug|x64 = Debug|x64
		Debug|x86 = Debug|x86
		Release|x64 = Release|x64
		Release|x86 = Release|x86
	EndGlobalSection
	GlobalSection(ProjectConfigurationPlatforms) = postSolution
		{776D77A0-80DC-45BA-BDBC-B25B84D77BBC}.Debug|x64.ActiveCfg = Debug|x64
		{776D77A0-80DC-45BA-BDBC-B25B84D77BBC}.Debug|x64.Build.0 = Debug|x64
		{776D77A0-80DC-45BA-BDBC-B25B84D77BBC}.Debug|x86.ActiveCfg = Debug|Win32
		{776D77A0-80DC-45BA-BDBC-B25B84D77BBC}.Debug|x86.Build.0 = Debug|Win32
		{776D77A0-80DC-45BA-BDBC-B25B84D77BBC}.Release|x64.ActiveCfg = Release|x64
		{776D77A0-80DC-45BA-BDBC-B25B84D77BBC}.Release|x64.Build.0 = Release|x64
		{776D77A0-80DC-45BA-BDBC-B25B84D77BBC}.Release|x86.ActiveCfg = Release|Win32
		{776D77A0-80DC-45BA-BDBC-B25B84D77BBC}.Release|x86.Build.0 = Release|Win32
		{6ADAE36E-554F-4D29-914F-320155667798}.Debug|x64.ActiveCfg = Debug|x64
		{6ADAE36E-554F-4D29-914F-320155667798}.Debug|x64.Build.0 = Debug|x64
		{6ADAE36E-554F-4D29-914F-320155667798}.Debug|x86.ActiveCfg = Debug|Win32
		{6ADAE36E-554F-4D29-914F-320155667798}.Debug|x86.Build.0 = Debug|Win32
		{6ADAE36E-554F-4D29-914F-320155667798}.Release|x64.ActiveCfg = Release|x64
		{6ADAE36E-554F-4D29-914F-320155667798}.Release|x64.Build.0 = Release|x64
		{6ADAE36E-554F-4D29-914F-320155667798}.Release|x86.ActiveCfg = Release|Win32
		{6ADAE36E-554F-4D29-914F-320155667798}.Release|x86.Build.0 = Release|Win32
		{E2AC4FAC-6B45-4C90-B63C-FD91041B78AA}.Debug|x64.ActiveCfg = Debug|x64
		{E2AC4FAC-6B45-4C90-B63C-FD91041B78AA}.Debug|x64.Build.0 = Debug|x64
		{E2AC4FAC-6B45-4C90-B63C-FD91041B78AA}.Debug|x86.ActiveCfg = Debug|Win32
		{E2AC4FAC-6B45-4C90-B63C-FD91041B78AA}.Debug|x86.Build.0 = Debug|Win32
		{E2AC4FAC-6B45-4C90-B63C-FD91041B78AA}.Release|x64.ActiveCfg = Release|x64
		{E2AC4FAC-6B45-4C90-B63C-FD91041B78AA}.Release|x64.Build.0 = Release|x64
		{E2AC4FAC-6B45-4C90-B63C-FD91041B78AA}.Release|x86.ActiveCfg = Release|Win32
		{E2AC4FAC-6B45-4C90-B63C-FD91041B78AA}.Release|x86.Build.0 = Release|Win32
		{9C3AE8EB-3887-4744-9AB1-C5D288171103}.Debug|x64.ActiveCfg = Debug|x64
		{9C3AE8EB-3887-4744-9AB1-C5D288171103}.Debug|x64.Build.0 = Debug|x64
		{9C3AE8EB-3887-4744-9AB1-C5D288171103}.Debug|x86.ActiveCfg = Debug|Win32
		{9C3AE8EB-3887-4744-9AB1-C5D288171103}.Debug|x86.Build.0 = Debug|Win32
		{9C3AE8EB-3887-4744-9AB1-C5D288171103}.Release|x64.ActiveCfg = Release|x64
		{9C3AE8EB-3887-4744-9AB1-C5D288171103}.Release|x64.Build.0 = Release|x64
		{9C3AE8EB-3887-4744-9AB1-C5D288171103}.Release|x86.ActiveCfg = Release|Win32
		{9C3AE8EB-3887-4744-9AB1-C5D288171103}.Release|x86.Build.0 = Release|Win32
		{448495CA-62FA-493B-BFF7-FA4D754451AE}.Debug|x64.ActiveCfg = Debug|x64
		{448495CA-62FA-493B-BFF7-FA4D754451AE}.Debug|x64.Build.0 = Debug|x64
		{448495CA-62FA-493B-BFF7-FA4D754451AE}.Debug|x86.ActiveCfg = Debug|Win32
		{448495CA-62FA-493B-BFF7-FA4D754451AE}.Debug|x86.Build.0 = Debug|Win32
		{448495CA-62FA-493B-BFF7-FA4D754451AE}.Release|x64.ActiveCfg = Release|x64
		{448495CA-62FA-493B-BFF7-FA4D754451AE}.Release|x64.Build.0 = Release|x64
		{448495CA-62FA-493B-BFF7-FA4D754451AE}.Release|x86.ActiveCfg = Release|Win32
		{448495CA-62FA-493B-BFF7-FA4D754451AE}.Release|x86.Build.0 = Release|Win32
		{EC06535F-0F74-4086-96B9-4C4CDADC5171}.Debug|x64.ActiveCfg = Debug|x64
		{EC06535F-0F74-4086-96B9-4C4CDADC5171}.Debug|x64.Build.0 = Debug|x64
		{EC06535F-0F74-4086-96B9-4C4CDADC5171}.Debug|x86.ActiveCfg = Debug|Win32
		{EC06535F-0F74-4086-96B9-4C4CDADC5171}.Debug|x86.Build.0 = Debug|Win32
		{EC06535F-0F74-4086-96B9-4C4CDADC5171}.Release|x64.ActiveCfg = Release|x64
		{EC06535F-0F74-4086-96B9-4C4CDADC5171}.Release|x64.Build.0 = Release|x64
		{EC06535F-0F74-4086-96B9-4C4CDADC5171}.Release|x86.ActiveCfg = Release|Win32
		{EC06535F-0F74-4086-96B9-4C4CDADC5171}.Release|x86.Build.0 = Release|Win32
		{D971E127-2CB8-40F0-808A-4E0FEFC06674}.Debug|x64.ActiveCfg = Debug|x64
		{D971E127-2CB8-40F0-808A-4E0FEFC06674}.Debug|x64.Build.0 = Debug|x64
		{D971E127-2CB8-40F0-808A-4E0FEFC06674}.Debug|x86.ActiveCfg = Debug|Win32
		{D971E127-2CB8-40F0-808A-4E0FEFC06674}.Debug|x86.Build.0 = Debug|Win32
		{D971E127-2CB8-40F0-808A-4E0FEFC06674}.Release|x64.ActiveCfg = Release|x64
		{D971E127-2CB8-40F0-808A-4E0FEFC06674}.Release|x64.Build.0 = Release|x64
		{D971E127-2CB8-40F0-808A-4E0FEFC06674}.Release|x86.ActiveCfg = Release|Win32
		{D971E127-2CB8-40F0-808A-4E0FEFC06674}.Release|x86.Build.0 = Release|Win32
		{E3909B07-0132-4EAB-B8B9-033F570F8843}.Debug|x64.ActiveCfg = Debug|x64
		{E3909B07-0132-4EAB-B8B9-033F570F8843}.Debug|x64.Build.0 = Debug|x64
		{E3909B07-0132-4EAB-B8B9-033F570F8843}.Debug|x86.ActiveCfg = Debug|Win32
		{E3909B07-0132-4EAB-B8B9-033F570F8843}.Debug|x86.Build.0 = Debug|Win32
		{E3909B07-0132-4EAB-B8B9-033F570F8843}.Release|x64.ActiveCfg = Release|x64
		{E3909B07-0132-4EAB-B8B9-033F570F8843}.Release|x64.Build.0 = Release|x64
		{E3909B07-0132-4EAB-B8B9-033F570F8843}.Release|x86.ActiveCfg = Release|Win32
		{E3909B07-0132-4EAB-B8B9-033F570F8843}.Release|x86.Build.0 = Release|Win32
		{1DA8FBF6-766D-436E-993F-B2DA8557FBF2}.Debug|x64.ActiveCfg = Debug|x64
		{1DA8FBF6-766D-436E-993F-B2DA8557FBF2}.Debug|x64.Build.0 = Debug|x64
		{1DA8FBF6-766D-436E-993F-B2DA8557FBF2}.Debug|x86.ActiveCfg = Debug|Win32
		{1DA8FBF6-766D-436E-993F-B2DA8557FBF2}.Debug|x86.Build.0 = Debug|Win32
		{1DA8FBF6-766D-436E-993F-B2DA8557FBF2}.Release|x64.ActiveCfg = Release|x64
		{1DA8FBF6-766D-436E-993F-B2DA8557FBF2}.Release|x64.Build.0 = Release|x64
		{1DA8FBF6-766D-436E-993F-B2DA8557FBF2}.Release|x86.ActiveCfg = Release|Win32
		{1DA8FBF6-766D-436E-993F-B2DA8557FBF2}.Release|x86.Build.0 = Release|Win32
		{61658F30-38AA-428D-9B1C-26671F5FBCD4}.Debug|x64.ActiveCfg = Debug|x64
		{61658F30-38AA-428D-9B1C-26671F5FBCD4}.Debug|x64.Build.0 = Debug|x64
		{61658F30-38AA-428D-9B1C-26671F5FBCD4}.Debug|x86.ActiveCfg = Debug|Win32
		{61658F30-38AA-428D-9B1C-26671F5FBCD4}.Debug|x86.Build.0 = Debug|Win32
		{61658F30-38AA-428D-9B1C-26671F5FBCD4}.Release|x64.ActiveCfg = Release|x64
		{61658F30-38AA-428D-9B1C-26671F5FBCD4}.Release|x64.Build.0 = Release|x64
		{61658F30-38AA-428D-9B1C-26671F5FBCD4}.Release|x86.ActiveCfg = Release|Win32
		{61658F30-38AA-428D-9B1C-26671F5FBCD4}.Release|x86.Build.0 = Release|Win32
		{8CF1F5C1-4D51-4894-AF01-31C797223270}.Debug|x64.ActiveCfg = Debug|x64
		{8CF1F5C1-4D51-4894-AF01-31C797223270}.Debug|x64.Build.0 = Debug|x64
		{8CF1F5C1-4D51-4894-AF01-31C797223270}.Debug|x86.ActiveCfg = Debug|Win32
		{8CF1F5C1-4D51-4894-AF01-31C797223270}.Debug|x86.Build.0 = Debug|Win32
		{8CF1F5C1-4D51-4894-AF01-31C797223270}.Release|x64.ActiveCfg = Release|x64
		{8CF1F5C1-4D51-4894-AF01-31C797223270}.Release|x64.Build.0 = Release|x64
		{8CF1F5C1-4D51-4894-AF01-31C797223270}.Release|x86.ActiveCfg = Release|Win32
		{8CF1F5C1-4D51-4894-AF01-31C797223270}.Release|x86.Build.0 = Release|Win32
		{81A449BC-6C17-4116-BA07-A9C917126CD1}.Debug|x64.ActiveCfg = Debug|x64
		{81A449BC-6C17-4116-BA07-A9C917126CD1}.Debug|x64.Build.0 = Debug|x64
		{81A449BC-6C17-4116-BA07-A9C917126CD1}.Debug|x86.ActiveCfg = Debug|Win32
		{81A449BC-6C17-4116-BA07-A9C917126CD1}.Debug|x86.Build.0 = Debug|Win32
		{81A449BC-6C17-4116-BA07-A9C917126CD1}.Release|x64.ActiveCfg = Release|x64
		{81A449BC-6C17-4116-BA07-A9C917126CD1}.Release|x64.Build.0 = Release|x64
		{81A449BC-6C17-4116-BA07-A9C917126CD1}.Release|x86.ActiveCfg = Release|Win32
		{81A449BC-6C17-4116-BA07-A9C917126CD1}.Release|x86.Build.0 = Release|Win32
		{AF57761C-CF80-4B03-9ABB-5B585FCEDA36}.Debug|x64.ActiveCfg = Debug|x64
		{AF57761C-CF80-4B03-9ABB-5B585FCEDA36}.Debug|x64.Build.0 = Debug|x64
		{AF57761C-CF80-4B03-9ABB-5B585FCEDA36}.Debug|x86.ActiveCfg = Debug|Win32
		{AF57761C-CF80-4B03-9ABB-5B585FCEDA36}.Debug|x86.Build.0 = Debug|Win32
		{AF57761C-CF80-4B03-9ABB-5B585FCEDA36}.Release|x64.ActiveCfg = Release|x64
		{AF57761C-CF80-4B03-9ABB-5B585FCEDA36}.Release|x64.Build.0 = Release|x64
		{AF57761C-CF80-4B03-9ABB-5B585FCEDA36}.Release|x86.ActiveCfg = Release|Win32
		{AF57761C-CF80-4B03-9ABB-5B585FCEDA36}.Release|x86.Build.0 = Release|Win32
		{1A5DD2F9-B166-45DB-B8A3-6676649256F7}.Debug|x64.ActiveCfg = Debug|x64
		{1A5DD2F9-B166-45DB-B8A3-6676649256F7}.Debug|x64.Build.0 = Debug|x64
		{1A5DD2F9-B166-45DB-B8A3-6676649256F7}.Debug|x86.ActiveCfg = Debug|Win32
		{1A5DD2F9-B166-45DB-B8A3-6676649256F7}.Debug|x86.Build.0 = Debug|Win32
		{1A5DD2F9-B166-45DB-B8A3-6676649256F7}.Release|x64.ActiveCfg = Release|x64
		{1A5DD2F9-B166-45DB-B8A3-6676649256F7}.Release|x64.Build.0 = Release|x64
		{1A5DD2F9-B166-45DB-B8A3-6676649256F7}.Release|x86.ActiveCfg = Release|Win32
		{1A5DD2F9-B166-45DB-B8A3-6676649256F7}.Release|x86.Build.0 = Release|Win32
		{25A9DBDA-5922-4B2B-A888-3930433725DD}.Debug|x64.ActiveCfg = Debug|x64
		{25A9DBDA-5922-4B2B-A888-3930433725DD}.Debug|x64.Build.0 = Debug|x64
		{25A9DBDA-5922-4B2B-A888-3930433725DD}.Debug|x86.ActiveCfg = Debug|Win32
		{25A9DBDA-5922-4B2B-A888-3930433725DD}.Debug|x86.Build.0 = Debug|Win32
		{25A9DBDA-5922-4B2B-A888-3930433725DD}.Release|x64.ActiveCfg = Release|x64
		{25A9DBDA-5922-4B2B-A888-3930433725DD}.Release|x64.Build.0 = Release|x64
		{25A9DBDA-5922-4B2B-A888-3930433725DD}.Release|x86.ActiveCfg = Release|Win32
		{25A9DBDA-5922-4B2B-A888-3930433725DD}.Release|x86.Build.0 = Release|Win32
		{6E660270-448B-443C-85D2-4867A882A7A5}.Debug|x64.ActiveCfg = Debug|x64
		{6E660270-448B-443C-85D2-4867A882A7A5}.Debug|x64.Build.0 = Debug|x64
		{6E660270-448B-443C-85D2-4867A882A7A5}.Debug|x86.ActiveCfg = Debug|Win32
		{6E660270-448B-443C-85D2-4867A882A7A5}.Debug|x86.Build.0 = Debug|Win32
		{6E660270-448B-443C-85D2-4867A882A7A5}.Release|x64.ActiveCfg = Release|x64
		{6E660270-448B-443C-85D2-4867A882A7A5}.Release|x64.Build.0 = Release|x64
		{6E660270-448B-443C-85D2-4867A882A7A5}.Release|x86.ActiveCfg = Release|Win32
		{6E660270-448B-443C-85D2-4867A882A7A5}.Release|x86.Build.0 = Release|Win32
		{76523E48-3383-4494-9637-D07175BCF98D}.Debug|x64.ActiveCfg = Debug|x64
		{76523E48-3383-4494-9637-D07175BCF98D}.Debug|x64.Build.0 = Debug|x64
		{76523E48-3383-4494-9637-D07175BCF98D}.Debug|x86.ActiveCfg = Debug|Win32
		{76523E48-3383-4494-9637-D07175BCF98D}.Debug|x86.Build.0 = Debug|Win32
		{76523E48-3383-4494-9637-D07175BCF98D}.Release|x64.ActiveCfg = Release|x64
		{76523E48-3383-4494-9637-D07175BCF98D}.Release|x64.Build.0 = Release|x64
		{76523E48-3383-4494-9637-D07175BCF98D}.Release|x86.ActiveCfg = Release|Win32
		{76523E48-3383-4494-9637-D07175BCF98D}.Release|x86.Build.0 = Release|Win32
		{6B1637FD-4ED6-41F6-96CD-67EBA02AD11D}.Debug|x64.ActiveCfg = Debug|x64
		{6B1637FD-4ED6-41F6-96CD-67EBA02AD11D}.Debug|x64.Build.0 = Debug|x64
		{6B1637FD-4ED6-41F6-96CD-67EBA02AD11D}.Debug|x86.ActiveCfg = Debug|Win32
		{6B1637FD-4ED6-41F6-96CD-67EBA02AD11D}.Debug|x86.Build.0 = Debug|Win32
		{6B1637FD-4ED6-41F6-96CD-67EBA02AD11D}.Release|x64.ActiveCfg = Release|x64
		{6B1637FD-4ED6-41F6-96CD-67EBA02AD11D}.Release|x64.Build.0 = Release|x64
		{6B1637FD-4ED6-41F6-96CD-67EBA02AD11D}.Release|x86.ActiveCfg = Release|Win32
		{6B1637FD-4ED6-41F6-96CD-67EBA02AD11D}.Release|x86.Build.0 = Release|Win32
		{811414D1-59B1-4CBA-903A-5AF7CA3239AD}.Debug|x64.ActiveCfg = Debug|x64
		{811414D1-59B1-4CBA-903A-5AF7CA3239AD}.Debug|x64.Build.0 = Debug|x64
		{811414D1-59B1-4CBA-903A-5AF7CA3239AD}.Debug|x86.ActiveCfg = Debug|Win32
		{811414D1-59B1-4CBA-903A-5AF7CA3239AD}.Debug|x86.Build.0 = Debug|Win32
		{811414D1-59B1-4CBA-903A-5AF7CA3239AD}.Release|x64.ActiveCfg = Release|x64
		{811414D1-59B1-4CBA-903A-5AF7CA3239AD}.Release|x64.Build.0 = Release|x64
		{811414D1-59B1-4CBA-903A-5AF7CA3239AD}.Release|x86.ActiveCfg = Release|Win32
		{811414D1-59B1-4CBA-903A-5AF7CA3239AD}.Release|x86.Build.0 = Release|Win32
		{869A34EF-5EDC-4496-855C-46B973603131}.Debug|x64.ActiveCfg = Debug|x64
		{869A34EF-5EDC-4496-855C-46B973603131}.Debug|x64.Build.0 = Debug|x64
		{869A34EF-5EDC-4496-855C-46B973603131}.Debug|x86.ActiveCfg = Debug|Win32
		{869A34EF-5EDC-4496-855C-46B973603131}.Debug|x86.Build.0 = Debug|Win32
		{869A34EF-5EDC-4496-855C-46B973603131}.Release|x64.ActiveCfg = Release|x64
		{869A34EF-5EDC-4496-855C-46B973603131}.Release|x64.Build.0 = Release|x64
		{869A34EF-5EDC-4496-855C-46B973603131}.Release|x86.ActiveCfg = Release|Win32
		{869A34EF-5EDC-4496-855C-46B973603131}.Release|x86.Build.0 = Release|Win32
		{3F5C6DB0-A7A6-4DD4-AE4D-C87C80D3866D}.Debug|x64.ActiveCfg = Debug|x64
		{3F5C6DB0-A7A6-4DD4-AE4D-C87C80D3866D}.Debug|x64.Build.0 = Debug|x64
		{3F5C6DB0-A7A6-4DD4-AE4D-C87C80D3866D}.Debug|x86.ActiveCfg = Debug|Win32
		{3F5C6DB0-A7A6-4DD4-AE4D-C87C80D3866D}.Debug|x86.Build.0 = Debug|Win32
		{3F5C6DB0-A7A6-4DD4-AE4D-C87C80D3866D}.Release|x64.ActiveCfg = Release|x64
		{3F5C6DB0-A7A6-4DD4-AE4D-C87C80D3866D}.Release|x64.Build.0 = Release|x64
		{3F5C6DB0-A7A6-4DD4-AE4D-C87C80D3866D}.Release|x86.ActiveCfg = Release|Win32
		{3F5C6DB0-A7A6-4DD4-AE4D-C87C80D3866D}.Release|x86.Build.0 = Release|Win32
		{DF843F42-A4EF-4B1B-9EA4-C7607D37739B}.Debug|x64.ActiveCfg = Debug|x64
		{DF843F42-A4EF-4B1B-9EA4-C7607D37739B}.Debug|x64.Build.0 = Debug|x64
		{DF843F42-A4EF-4B1B-9EA4-C7607D37739B}.Debug|x86.ActiveCfg = Debug|Win32
		{DF843F42-A4EF-4B1B-9EA4-C7607D37739B}.Debug|x86.Build.0 = Debug|Win32
		{DF843F42-A4EF-4B1B-9EA4-C7607D37739B}.Release|x64.ActiveCfg = Release|x64
		{DF843F42-A4EF-4B1B-9EA4-C7607D37739B}.Release|x64.Build.0 = Release|x64
		{DF843F42-A4EF-4B1B-9EA4-C7607D37739B}.Release|x86.ActiveCfg = Release|Win32
		{DF843F42-A4EF-4B1B-9EA4-C7607D37739B}.Release|x86.Build.0 = Release|Win32
		{D7C6E2B0-C6EB-4322-AD51-91838BD0A12A}.Debug|x64.ActiveCfg = Debug|x64
		{D7C6E2B0-C6EB-4322-AD51-91838BD0A12A}.Debug|x64.Build.0 = Debug|x64
		{D7C6E2B0-C6EB-4322-AD51-91838BD0A12A}.Debug|x86.ActiveCfg = Debug|Win32
		{D7C6E2B0-C6EB-4322-AD51-91838BD0A12A}.Debug|x86.Build.0 = Debug|Win32
		{D7C6E2B0-C6EB-4322-AD51-91838BD0A12A}.Release|x64.ActiveCfg = Release|x64
		{D7C6E2B0-C6EB-4322-AD51-91838BD0A12A}.Release|x64.Build.0 = Release|x64
		{D7C6E2B0-C6EB-4322-AD51-91838BD0A12A}.Release|x86.ActiveCfg = Release|Win32
		{D7C6E2B0-C6EB-4322-AD51-91838BD0A12A}.Release|x86.Build.0 = Release|Win32
		{48F0163A-4D22-469C-BBC2-134C82BB2041}.Debug|x64.ActiveCfg = Debug|x64
		{48F0163A-4D22-469C-BBC2-134C82BB2041}.Debug|x64.Build.0 = Debug|x64
		{48F0163A-4D22-469C-BBC2-134C82BB2041}.Debug|x86.ActiveCfg = Debug|Win32
		{48F0163A-4D22-469C-BBC2-134C82BB2041}.Debug|x86.Build.0 = Debug|Win32
		{48F0163A-4D22-469C-BBC2-134C82BB2041}.Release|x64.ActiveCfg = Release|x64
		{48F0163A-4D22-469C-BBC2-134C82BB2041}.Release|x64.Build.0 = Release|x64
		{48F0163A-4D22-469C-BBC2-134C82BB2041}.Release|x86.ActiveCfg = Release|Win32
		{48F0163A-4D22-469C-BBC2-134C82BB2041}.Release|x86.Build.0 = Release|Win32
		{B2F40AC1-D1A3-4076-8FF1-1AAA6B54E900}.Debug|x64.ActiveCfg = Debug|x64
		{B2F40AC1-D1A3-4076-8FF1-1AAA6B54E900}.Debug|x64.Build.0 = Debug|x64
		{B2F40AC1-D1A3-4076-8FF1-1AAA6B54E900}.Debug|x86.ActiveCfg = Debug|Win32
		{B2F40AC1-D1A3-4076-8FF1-1AAA6B54E900}.Debug|x86.Build.0 = Debug|Win32
		{B2F40AC1-D1A3-4076-8FF1-1AAA6B54E900}.Release|x64.ActiveCfg = Release|x64
		{B2F40AC1-D1A3-4076-8FF1-1AAA6B54E900}.Release|x64.Build.0 = Release|x64
		{B2F40AC1-D1A3-4076-8FF1-1AAA6B54E900}.Release|x86.ActiveCfg = Release|Win32
		{B2F40AC1-D1A3-4076-8FF1-1AAA6B54E900}.Release|x86.Build.0 = Release|Win32
		{A00C4466-A095-4AE1-9CD5-64803AF69509}.Debug|x64.ActiveCfg = Debug|x64
		{A00C4466-A095-4AE1-9CD5-64803AF69509}.Debug|x64.Build.0 = Debug|x64
		{A00C4466-A095-4AE1-9CD5-64803AF69509}.Debug|x86.ActiveCfg = Debug|Win32
		{A00C4466-A095-4AE1-9CD5-64803AF69509}.Debug|x86.Build.0 = Debug|Win32
		{A00C4466-A095-4AE1-9CD5-64803AF69509}.Release|x64.ActiveCfg = Release|x64
		{A00C4466-A095-4AE1-9CD5-64803AF69509}.Release|x64.Build.0 = Release|x64
		{A00C4466-A095-4AE1-9CD5-64803AF69509}.Release|x86.ActiveCfg = Release|Win32
		{A00C4466-A095-4AE1-9CD5-64803AF69509}.Release|x86.Build.0 = Release|Win32
		{1C967FBF-56E0-4B66-884F-A750E8653B8E}.Debug|x64.ActiveCfg = Debug|x64
		{1C967FBF-56E0-4B66-884F-A750E8653B8E}.Debug|x64.Build.0 = Debug|x64
		{1C967FBF-56E0-4B66-884F-A750E8653B8E}.Debug|x86.ActiveCfg = Debug|Win32
		{1C967FBF-56E0-4B66-884F-A750E8653B8E}.Debug|x86.Build.0 = Debug|Win32
		{1C967FBF-56E0-4B66-884F-A750E8653B8E}.Release|x64.ActiveCfg = Release|x64
		{1C967FBF-56E0-4B66-884F-A750E8653B8E}.Release|x64.Build.0 = Release|x64
		{1C967FBF-56E0-4B66-884F-A750E8653B8E}.Release|x86.ActiveCfg = Release|Win32
		{1C967FBF-56E0-4B66-884F-A750E8653B8E}.Release|x86.Build.0 = Release|Win32
		{AF5AC529-C655-4941-BDE5-8C5E23325823}.Debug|x64.ActiveCfg = Debug|x64
		{AF5AC529-C655-4941-BDE5-8C5E23325823}.Debug|x64.Build.0 = Debug|x64
		{AF5AC529-C655-4941-BDE5-8C5E23325823}.Debug|x86.ActiveCfg = Debug|Win32
		{AF5AC529-C655-4941-BDE5-8C5E23325823}.Debug|x86.Build.0 = Debug|Win32
		{AF5AC529-C655-4941-BDE5-8C5E23325823}.Release|x64.ActiveCfg = Release|x64
		{AF5AC529-C655-4941-BDE5-8C5E23325823}.Release|x64.Build.0 = Release|x64
		{AF5AC529-C655-4941-BDE5-8C5E23325823}.Release|x86.ActiveCfg = Release|Win32
		{AF5AC529-C655-4941-BDE5-8C5E23325823}.Release|x86.Build.0 = Release|Win32
		{3BD4A195-DD6F-4F5B-A10A-9F9472ACD205}.Debug|x64.ActiveCfg = Debug|x64
		{3BD4A195-DD6F-4F5B-A10A-9F9472ACD205}.Debug|x64.Build.0 = Debug|x64
		{3BD4A195-DD6F-4F5B-A10A-9F9472ACD205}.Debug|x86.ActiveCfg = Debug|Win32
		{3BD4A195-DD6F-4F5B-A10A-9F9472ACD205}.Debug|x86.Build.0 = Debug|Win32
		{3BD4A195-DD6F-4F5B-A10A-9F9472ACD205}.Release|x64.ActiveCfg = Release|x64
		{3BD4A195-DD6F-4F5B-A10A-9F9472ACD205}.Release|x64.Build.0 = Release|x64
		{3BD4A195-DD6F-4F5B-A10A-9F9472ACD205}.Release|x86.ActiveCfg = Release|Win32
		{3BD4A195-DD6F-4F5B-A10A-9F9472ACD205}.Release|x86.Build.0 = Release|Win32
		{1743DFE0-5AB6-471A-BD86-21564783AB8A}.Debug|x64.ActiveCfg = Debug|x64
		{1743DFE0-5AB6-471A-BD86-21564783AB8A}.Debug|x64.Build.0 = Debug|x64
		{1743DFE0-5AB6-471A-BD86-21564783AB8A}.Debug|x86.ActiveCfg = Debug|Win32
		{1743DFE0-5AB6-471A-BD86-21564783AB8A}.Debug|x86.Build.0 = Debug|Win32
		{1743DFE0-5AB6-471A-BD86-21564783AB8A}.Release|x64.ActiveCfg = Release|x64
		{1743DFE0-5AB6-471A-BD86-21564783AB8A}.Release|x64.Build.0 = Release|x64
		{1743DFE0-5AB6-471A-BD86-21564783AB8A}.Release|x86.ActiveCfg = Release|Win32
		{1743DFE0-5AB6-471A-BD86-21564783AB8A}.Release|x86.Build.0 = Release|Win32
		{C036B85F-690F-4B4B-914B-70E1BB765979}.Debug|x64.ActiveCfg = Debug|x64
		{C036B85F-690F-4B4B-914B-70E1BB765979}.Debug|x64.Build.0 = Debug|x64
		{C036B85F-690F-4B4B-914B-70E1BB765979}.Debug|x86.ActiveCfg = Debug|Win32
		{C036B85F-690F-4B4B-914B-70E1BB765979}.Debug|x86.Build.0 = Debug|Win32
		{C036B85F-690F-4B4B-914B-70E1BB765979}.Release|x64.ActiveCfg = Release|x64
		{C036B85F-690F-4B4B-914B-70E1BB765979}.Release|x64.Build.0 = Release|x64
		{C036B85F-690F-4B4B-914B-70E1BB765979}.Release|x86.ActiveCfg = Release|Win32
		{C036B85F-690F-4B4B-914B-70E1BB765979}.Release|x86.Build.0 = Release|Win32
		{01A882E1-997D-4ABC-8F93-352F80CB2F6D}.Debug|x64.ActiveCfg = Debug|x64
		{01A882E1-997D-4ABC-8F93-352F80CB2F6D}.Debug|x64.Build.0 = Debug|x64
		{01A882E1-997D-4ABC-8F93-352F80CB2F6D}.Debug|x86.ActiveCfg = Debug|Win32
		{01A882E1-997D-4ABC-8F93-352F80CB2F6D}.Debug|x86.Build.0 = Debug|Win32
		{01A882E1-997D-4ABC-8F93-352F80CB2F6D}.Release|x64.ActiveCfg = Release|x64
		{01A882E1-997D-4ABC-8F93-352F80CB2F6D}.Release|x64.Build.0 = Release|x64
		{01A882E1-997D-4ABC-8F93-352F80CB2F6D}.Release|x86.ActiveCfg = Release|Win32
		{01A882E1-997D-4ABC-8F93-352F80CB2F6D}.Release|x86.Build.0 = Release|Win32
		{E47A073A-DA18-4949-ADF1-53340277FD3C}.Debug|x64.ActiveCfg = Debug|x64
		{E47A073A-DA18-4949-ADF1-53340277FD3C}.Debug|x64.Build.0 = Debug|x64
		{E47A073A-DA18-4949-ADF1-53340277FD3C}.Debug|x86.ActiveCfg = Debug|Win32
		{E47A073A-DA18-4949-ADF1-53340277FD3C}.Debug|x86.Build.0 = Debug|Win32
		{E47A073A-DA18-4949-ADF1-53340277FD3C}.Release|x64.ActiveCfg = Release|x64
		{E47A073A-DA18-4949-ADF1-53340277FD3C}.Release|x64.Build.0 = Release|x64
		{E47A073A-DA18-4949-ADF1-53340277FD3C}.Release|x86.ActiveCfg = Release|Win32
		{E47A073A-DA18-4949-ADF1-53340277FD3C}.Release|x86.Build.0 = Release|Win32
		{B2192E17-5778-4185-8DA2-FE8AEE2E02BE}.Debug|x64.ActiveCfg = Debug|x64
		{B2192E17-5778-4185-8DA2-FE8AEE2E02BE}.Debug|x64.Build.0 = Debug|x64
		{B2192E17-5778-4185-8DA2-FE8AEE2E02BE}.Debug|x86.ActiveCfg = Debug|Win32
		{B2192E17-5778-4185-8DA2-FE8AEE2E02BE}.Debug|x86.Build.0 = Debug|Win32
		{B2192E17-5778-4185-8DA2-FE8AEE2E02BE}.Release|x64.ActiveCfg = Release|x64
		{B2192E17-5778-4185-8DA2-FE8AEE2E02BE}.Release|x64.Build.0 = Release|x64
		{B2192E17-5778-4185-8DA2-FE8AEE2E02BE}.Release|x86.ActiveCfg = Release|Win32
		{B2192E17-5778-4185-8DA2-FE8AEE2E02BE}.Release|x86.Build.0 = Release|Win32
		{89D2748F-DC72-4942-AD91-6D1BD48F9A0E}.Debug|x64.ActiveCfg = Debug|x64
		{89D2748F-DC72-4942-AD91-6D1BD48F9A0E}.Debug|x64.Build.0 = Debug|x64
		{89D2748F-DC72-4942-AD91-6D1BD48F9A0E}.Debug|x86.ActiveCfg = Debug|Win32
		{89D2748F-DC72-4942-AD91-6D1BD48F9A0E}.Debug|x86.Build.0 = Debug|Win32
		{89D2748F-DC72-4942-AD91-6D1BD48F9A0E}.Release|x64.ActiveCfg = Release|x64
		{89D2748F-DC72-4942-AD91-6D1BD48F9A0E}.Release|x64.Build.0 = Release|x64
		{89D2748F-DC72-4942-AD91-6D1BD48F9A0E}.Release|x86.ActiveCfg = Release|Win32
		{89D2748F-DC72-4942-AD91-6D1BD48F9A0E}.Release|x86.Build.0 = Release|Win32
		{7B858C35-AE7F-40F3-9AF6-4740F2D7E143}.Debug|x64.ActiveCfg = Debug|x64
		{7B858C35-AE7F-40F3-9AF6-4740F2D7E143}.Debug|x64.Build.0 = Debug|x64
		{7B858C35-AE7F-40F3-9AF6-4740F2D7E143}.Debug|x86.ActiveCfg = Debug|Win32
		{7B858C35-AE7F-40F3-9AF6-4740F2D7E143}.Debug|x86.Build.0 = Debug|Win32
		{7B858C35-AE7F-40F3-9AF6-4740F2D7E143}.Release|x64.ActiveCfg = Release|x64
		{7B858C35-AE7F-40F3-9AF6-4740F2D7E143}.Release|x64.Build.0 = Release|x64
		{7B858C35-AE7F-40F3-9AF6-4740F2D7E143}.Release|x86.ActiveCfg = Release|Win32
		{7B858C35-AE7F-40F3-9AF6-4740F2D7E143}.Release|x86.Build.0 = Release|Win32
		{E03C0E88-CD6B-4C15-AB0E-5BB127DDC8B9}.Debug|x64.ActiveCfg = Debug|x64
		{E03C0E88-CD6B-4C15-AB0E-5BB127DDC8B9}.Debug|x64.Build.0 = Debug|x64
		{E03C0E88-CD6B-4C15-AB0E-5BB127DDC8B9}.Debug|x86.ActiveCfg = Debug|Win32
		{E03C0E88-CD6B-4C15-AB0E-5BB127DDC8B9}.Debug|x86.Build.0 = Debug|Win32
		{E03C0E88-CD6B-4C15-AB0E-5BB127DDC8B9}.Release|x64.ActiveCfg = Release|x64
		{E03C0E88-CD6B-4C15-AB0E-5BB127DDC8B9}.Release|x64.Build.0 = Release|x64
		{E03C0E88-CD6B-4C15-AB0E-5BB127DDC8B9}.Release|x86.ActiveCfg = Release|Win32
		{E03C0E88-CD6B-4C15-AB0E-5BB127DDC8B9}.Release|x86.Build.0 = Release|Win32
		{7A5C3986-D0D9-401B-A165-D8D821D2C493}.Debug|x64.ActiveCfg = Debug|x64
		{7A5C3986-D0D9-401B-A165-D8D821D2C493}.Debug|x64.Build.0 = Debug|x64
		{7A5C3986-D0D9-401B-A165-D8D821D2C493}.Debug|x86.ActiveCfg = Debug|Win32
		{7A5C3986-D0D9-401B-A165-D8D821D2C493}.Debug|x86.Build.0 = Debug|Win32
		{7A5C3986-D0D9-401B-A165-D8D821D2C493}.Release|x64.ActiveCfg = Release|x64
		{7A5C3986-D0D9-401B-A165-D8D821D2C493}.Release|x64.Build.0 = Release|x64
		{7A5C3986-D0D9-401B-A165-D8D821D2C493}.Release|x86.ActiveCfg = Release|Win32
		{7A5C3986-D0D9-401B-A165-D8D821D2C493}.Release|x86.Build.0 = Release|Win32
		{F93BC08F-04FB-42F9-BB17-D9B98254AB03}.Debug|x64.ActiveCfg = Debug|x64
		{F93BC08F-04FB-42F9-BB17-D9B98254AB03}.Debug|x64.Build.0 = Debug|x64
		{F93BC08F-04FB-42F9-BB17-D9B98254AB03}.Debug|x86.ActiveCfg = Debug|Win32
		{F93BC08F-04FB-42F9-BB17-D9B98254AB03}.Debug|x86.Build.0 = Debug|Win32
		{F93BC08F-04FB-42F9-BB17-D9B98254AB03}.Release|x64.ActiveCfg = Release|x64
		{F93BC08F-04FB-42F9-BB17-D9B98254AB03}.Release|x64.Build.0 = Release|x64
		{F93BC08F-04FB-42F9-BB17-D9B98254AB03}.Release|x86.ActiveCfg = Release|Win32
		{F93BC08F-04FB-42F9-BB17-D9B98254AB03}.Release|x86.Build.0 = Release|Win32
		{3B3FEE6A-35AC-47DF-A3CB-E4FE68E68D19}.Debug|x64.ActiveCfg = Debug|x64
		{3B3FEE6A-35AC-47DF-A3CB-E4FE68E68D19}.Debug|x64.Build.0 = Debug|x64
		{3B3FEE6A-35AC-47DF-A3CB-E4FE68E68D19}.Debug|x86.ActiveCfg = Debug|Win32
		{3B3FEE6A-35AC-47DF-A3CB-E4FE68E68D19}.Debug|x86.Build.0 = Debug|Win32
		{3B3FEE6A-35AC-47DF-A3CB-E4FE68E68D19}.Release|x64.ActiveCfg = Release|x64
		{3B3FEE6A-35AC-47DF-A3CB-E4FE68E68D19}.Release|x64.Build.0 = Release|x64
		{3B3FEE6A-35AC-47DF-A3CB-E4FE68E68D19}.Release|x86.ActiveCfg = Release|Win32
		{3B3FEE6A-35AC-47DF-A3CB-E4FE68E68D19}.Release|x86.Build.0 = Release|Win32
		{F37315B2-9173-4E53-A1E4-3FA3E5C96FD3}.Debug|x64.ActiveCfg = Debug|x64
		{F37315B2-9173-4E53-A1E4-3FA3E5C96FD3}.Debug|x64.Build.0 = Debug|x64
		{F37315B2-9173-4E53-A1E4-3FA3E5C96FD3}.Debug|x86.ActiveCfg = Debug|Win32
		{F37315B2-9173-4E53-A1E4-3FA3E5C96FD3}.Debug|x86.Build.0 = Debug|Win32
		{F37315B2-9173-4E53-A1E4-3FA3E5C96FD3}.Release|x64.ActiveCfg = Release|x64
		{F37315B2-9173-4E53-A1E4-3FA3E5C96FD3}.Release|x64.Build.0 = Release|x64
		{F37315B2-9173-4E53-A1E4-3FA3E5C96FD3}.Release|x86.ActiveCfg = Release|Win32
		{F37315B2-9173-4E53-A1E4-3FA3E5C96FD3}.Release|x86.Build.0 = Release|Win32
		{7449295E-F7A8-494F-927A-B60B56A87450}.Debug|x64.ActiveCfg = Debug|x64
		{7449295E-F7A8-494F-927A-B60B56A87450}.Debug|x64.Build.0 = Debug|x64
		{7449295E-F7A8-494F-927A-B60B56A87450}.Debug|x86.ActiveCfg = Debug|Win32
		{7449295E-F7A8-494F-927A-B60B56A87450}.Debug|x86.Build.0 = Debug|Win32
		{7449295E-F7A8-494F-927A-B60B56A87450}.Release|x64.ActiveCfg = Release|x64
		{7449295E-F7A8-494F-927A-B60B56A87450}.Release|x64.Build.0 = Release|x64
		{7449295E-F7A8-494F-927A-B60B56A87450}.Release|x86.ActiveCfg = Release|Win32
		{7449295E-F7A8-494F-927A-B60B56A87450}.Release|x86.Build.0 = Release|Win32
		{D20CEF88-C0EF-4B2A-8EB6-956ED417118E}.Debug|x64.ActiveCfg = Debug|x64
		{D20CEF88-C0EF-4B2A-8EB6-956ED417118E}.Debug|x64.Build.0 = Debug|x64
		{D20CEF88-C0EF-4B2A-8EB6-956ED417118E}.Debug|x86.ActiveCfg = Debug|Win32
		{D20CEF88-C0EF-4B2A-8EB6-956ED417118E}.Debug|x86.Build.0 = Debug|Win32
		{D20CEF88-C0EF-4B2A-8EB6-956ED417118E}.Release|x64.ActiveCfg = Release|x64
		{D20CEF88-C0EF-4B2A-8EB6-956ED417118E}.Release|x64.Build.0 = Release|x64
		{D20CEF88-C0EF-4B2A-8EB6-956ED417118E}.Release|x86.ActiveCfg = Release|Win32
		{D20CEF88-C0EF-4B2A-8EB6-956ED417118E}.Release|x86.Build.0 = Release|Win32
		{5F0F5F8A-37A6-4E09-A6ED-D056810C58C6}.Debug|x64.ActiveCfg = Debug|x64
		{5F0F5F8A-37A6-4E09-A6ED-D056810C58C6}.Debug|x64.Build.0 = Debug|x64
		{5F0F5F8A-37A6-4E09-A6ED-D056810C58C6}.Debug|x86.ActiveCfg = Debug|Win32
		{5F0F5F8A-37A6-4E09-A6ED-D056810C58C6}.Debug|x86.Build.0 = Debug|Win32
		{5F0F5F8A-37A6-4E09-A6ED-D056810C58C6}.Release|x64.ActiveCfg = Release|x64
		{5F0F5F8A-37A6-4E09-A6ED-D056810C58C6}.Release|x64.Build.0 = Release|x64
		{5F0F5F8A-37A6-4E09-A6ED-D056810C58C6}.Release|x86.ActiveCfg = Release|Win32
		{5F0F5F8A-37A6-4E09-A6ED-D056810C58C6}.Release|x86.Build.0 = Release|Win32
		{A71AB5A3-A7F3-4C2B-80F7-EBC09C77963D}.Debug|x64.ActiveCfg = Debug|x64
		{A71AB5A3-A7F3-4C2B-80F7-EBC09C77963D}.Debug|x64.Build.0 = Debug|x64
		{A71AB5A3-A7F3-4C2B-80F7-EBC09C77963D}.Debug|x86.ActiveCfg = Debug|Win32
		{A71AB5A3-A7F3-4C2B-80F7-EBC09C77963D}.Debug|x86.Build.0 = Debug|Win32
		{A71AB5A3-A7F3-4C2B-80F7-EBC09C77963D}.Release|x64.ActiveCfg = Release|x64
		{A71AB5A3-A7F3-4C2B-80F7-EBC09C77963D}.Release|x64.Build.0 = Release|x64
		{A71AB5A3-A7F3-4C2B-80F7-EBC09C77963D}.Release|x86.ActiveCfg = Release|Win32
		{A71AB5A3-A7F3-4C2B-80F7-EBC09C77963D}.Release|x86.Build.0 = Release|Win32
		{7C517EBC-5440-4234-A078-27C21E0B78C7}.Debug|x64.ActiveCfg = Debug|x64
		{7C517EBC-5440-4234-A078-27C21E0B78C7}.Debug|x64.Build.0 = Debug|x64
		{7C517EBC-5440-4234-A078-27C21E0B78C7}.Debug|x86.ActiveCfg = Debug|Win32
		{7C517EBC-5440-4234-A078-27C21E0B78C7}.Debug|x86.Build.0 = Debug|Win32
		{7C517EBC-5440-4234-A078-27C21E0B78C7}.Release|x64.ActiveCfg = Release|x64
		{7C517EBC-5440-4234-A078-27C21E0B78C7}.Release|x64.Build.0 = Release|x64
		{7C517EBC-5440-4234-A078-27C21E0B78C7}.Release|x86.ActiveCfg = Release|Win32
		{7C517EBC-5440-4234-A078-27C21E0B78C7}.Release|x86.Build.0 = Release|Win32
		{D951FC68-C2F3-4C2B-88B3-FFFA95EE8783}.Debug|x64.ActiveCfg = Debug|x64
		{D951FC68-C2F3-4C2B-88B3-FFFA95EE8783}.Debug|x64.Build.0 = Debug|x64
		{D951FC68-C2F3-4C2B-88B3-FFFA95EE8783}.Debug|x86.ActiveCfg = Debug|Win32
		{D951FC68-C2F3-4C2B-88B3-FFFA95EE8783}.Debug|x86.Build.0 = Debug|Win32
		{D951FC68-C2F3-4C2B-88B3-FFFA95EE8783}.Release|x64.ActiveCfg = Release|x64
		{D951FC68-C2F3-4C2B-88B3-FFFA95EE8783}.Release|x64.Build.0 = Release|x64
		{D951FC68-C2F3-4C2B-88B3-FFFA95EE8783}.Release|x86.ActiveCfg = Release|Win32
		{D951FC68-C2F3-4C2B-88B3-FFFA95EE8783}.Release|x86.Build.0 = Release|Win32
		{C364E419-4764-4917-B31F-AF9E97AFB092}.Debug|x64.ActiveCfg = Debug|x64
		{C364E419-4764-4917-B31F-AF9E97AFB092}.Debug|x64.Build.0 = Debug|x64
		{C364E419-4764-4917-B31F-AF9E97AFB092}.Debug|x86.ActiveCfg = Debug|Win32
		{C364E419-4764-4917-B31F-AF9E97AFB092}.Debug|x86.Build.0 = Debug|Win32
		{C364E419-4764-4917-B31F-AF9E97AFB092}.Release|x64.ActiveCfg = Release|x64
		{C364E419-4764-4917-B31F-AF9E97AFB092}.Release|x64.Build.0 = Release|x64
		{C364E419-4764-4917-B31F-AF9E97AFB092}.Release|x86.ActiveCfg = Release|Win32
		{C364E419-4764-4917-B31F-AF9E97AFB092}.Release|x86.Build.0 = Release|Win32
		{F74D95D8-E22F-48A9-BDC2-C58EA7546126}.Debug|x64.ActiveCfg = Debug|x64
		{F74D95D8-E22F-48A9-BDC2-C58EA7546126}.Debug|x64.Build.0 = Debug|x64
		{F74D95D8-E22F-48A9-BDC2-C58EA7546126}.Debug|x86.ActiveCfg = Debug|Win32
		{F74D95D8-E22F-48A9-BDC2-C58EA7546126}.Debug|x86.Build.0 = Debug|Win32
		{F74D95D8-E22F-48A9-BDC2-C58EA7546126}.Release|x64.ActiveCfg = Release|x64
		{F74D95D8-E22F-48A9-BDC2-C58EA7546126}.Release|x64.Build.0 = Release|x64
		{F74D95D8-E22F-48A9-BDC2-C58EA7546126}.Release|x86.ActiveCfg = Release|Win32
		{F74D95D8-E22F-48A9-BDC2-C58EA7546126}.Release|x86.Build.0 = Release|Win32
		{67C9C1B7-A41D-4AEF-98FE-93BE787E7DD7}.Debug|x64.ActiveCfg = Debug|x64
		{67C9C1B7-A41D-4AEF-98FE-93BE787E7DD7}.Debug|x64.Build.0 = Debug|x64
		{67C9C1B7-A41D-4AEF-98FE-93BE787E7DD7}.Debug|x86.ActiveCfg = Debug|Win32
		{67C9C1B7-A41D-4AEF-98FE-93BE787E7DD7}.Debug|x86.Build.0 = Debug|Win32
		{67C9C1B7-A41D-4AEF-98FE-93BE787E7DD7}.Release|x64.ActiveCfg = Release|x64
		{67C9C1B7-A41D-4AEF-98FE-93BE787E7DD7}.Release|x64.Build.0 = Release|x64
		{67C9C1B7-A41D-4AEF-98FE-93BE787E7DD7}.Release|x86.ActiveCfg = Release|Win32
		{67C9C1B7-A41D-4AEF-98FE-93BE787E7DD7}.Release|x86.Build.0 = Release|Win32
		{C3C71F49-A278-40D4-A620-D684318A354F}.Debug|x64.ActiveCfg = Debug|x64
		{C3C71F49-A278-40D4-A620-D684318A354F}.Debug|x64.Build.0 = Debug|x64
		{C3C71F49-A278-40D4-A620-D684318A354F}.Debug|x86.ActiveCfg = Debug|Win32
		{C3C71F49-A278-40D4-A620-D684318A354F}.Debug|x86.Build.0 = Debug|Win32
		{C3C71F49-A278-40D4-A620-D684318A354F}.Release|x64.ActiveCfg = Release|x64
		{C3C71F49-A278-40D4-A620-D684318A354F}.Release|x64.Build.0 = Release|x64
		{C3C71F49-A278-40D4-A620-D684318A354F}.Release|x86.ActiveCfg = Release|Win32
		{C3C71F49-A278-40D4-A620-D684318A354F}.Release|x86.Build.0 = Release|Win32
		{B3ADACCD-8FF0-4381-83ED-7679AF97F23F}.Debug|x64.ActiveCfg = Debug|x64
		{B3ADACCD-8FF0-4381-83ED-7679AF97F23F}.Debug|x64.Build.0 = Debug|x64
		{B3ADACCD-8FF0-4381-83ED-7679AF97F23F}.Debug|x86.ActiveCfg = Debug|Win32
		{B3ADACCD-8FF0-4381-83ED-7679AF97F23F}.Debug|x86.Build.0 = Debug|Win32
		{B3ADACCD-8FF0-4381-83ED-7679AF97F23F}.Release|x64.ActiveCfg = Release|x64
		{B3ADACCD-8FF0-4381-83ED-7679AF97F23F}.Release|x64.Build.0 = Release|x64
		{B3ADACCD-8FF0-4381-83ED-7679AF97F23F}.Release|x86.ActiveCfg = Release|Win32
		{B3ADACCD-8FF0-4381-83ED-7679AF97F23F}.Release|x86.Build.0 = Release|Win32
	EndGlobalSection
	GlobalSection(SolutionProperties) = preSolution
		HideSolutionNode = FALSE
	EndGlobalSection
EndGlobal
